<?xml version="1.0" encoding="utf-8"?>
<Project ToolsVersion="4.0" xmlns="http://schemas.microsoft.com/developer/msbuild/2003">
  <ItemGroup>
    <Filter Include="SpearCore">
      <UniqueIdentifier>{99516b56-748e-4e8f-852f-13add77090f2}</UniqueIdentifier>
    </Filter>
    <Filter Include="SpearGraphics">
      <UniqueIdentifier>{93c1a58d-0044-4604-b514-f76b1365dd0d}</UniqueIdentifier>
    </Filter>
  </ItemGroup>
  <ItemGroup>
    <ClCompile Include="ServiceLocator.cpp">
      <Filter>SpearCore</Filter>
    </ClCompile>
    <ClCompile Include="Core.cpp">
      <Filter>SpearCore</Filter>
    </ClCompile>
    <ClCompile Include="SDLManager.cpp">
      <Filter>SpearGraphics</Filter>
    </ClCompile>
    <ClCompile Include="FlowstateManager.cpp">
      <Filter>SpearCore</Filter>
    </ClCompile>
    <ClCompile Include="InputManager.cpp">
      <Filter>SpearCore</Filter>
    </ClCompile>
    <ClCompile Include="MathVector.cpp">
      <Filter>SpearCore</Filter>
    </ClCompile>
    <ClCompile Include="..\glad\src\glad.c">
      <Filter>SpearGraphics</Filter>
    </ClCompile>
  </ItemGroup>
  <ItemGroup>
    <ClInclude Include="Core.h">
      <Filter>SpearCore</Filter>
    </ClInclude>
    <ClInclude Include="ServiceLocator.h">
      <Filter>SpearCore</Filter>
    </ClInclude>
    <ClInclude Include="SDLManager.h">
      <Filter>SpearGraphics</Filter>
    </ClInclude>
    <ClInclude Include="FlowstateManager.h">
      <Filter>SpearCore</Filter>
    </ClInclude>
    <ClInclude Include="InputManager.h">
      <Filter>SpearCore</Filter>
    </ClInclude>
    <ClInclude Include="MathVector.h">
      <Filter>SpearCore</Filter>
    </ClInclude>
  </ItemGroup>
</Project>