<?xml version="1.0" encoding="utf-8"?>
<Project ToolsVersion="4.0" xmlns="http://schemas.microsoft.com/developer/msbuild/2003">
  <ItemGroup>
    <Filter Include="SpearCore">
      <UniqueIdentifier>{99516b56-748e-4e8f-852f-13add77090f2}</UniqueIdentifier>
    </Filter>
    <Filter Include="SpearGraphics">
      <UniqueIdentifier>{93c1a58d-0044-4604-b514-f76b1365dd0d}</UniqueIdentifier>
    </Filter>
    <Filter Include="Maths">
      <UniqueIdentifier>{29d067d9-dc1c-4ac4-b56f-0064a2066d4f}</UniqueIdentifier>
    </Filter>
    <Filter Include="Misc">
      <UniqueIdentifier>{b9df323f-d827-4ad1-b305-f606b2ff12fa}</UniqueIdentifier>
    </Filter>
  </ItemGroup>
  <ItemGroup>
    <ClCompile Include="ServiceLocator.cpp">
      <Filter>SpearCore</Filter>
    </ClCompile>
    <ClCompile Include="Core.cpp">
      <Filter>SpearCore</Filter>
    </ClCompile>
    <ClCompile Include="WindowManager.cpp">
      <Filter>SpearGraphics</Filter>
    </ClCompile>
    <ClCompile Include="FlowstateManager.cpp">
      <Filter>SpearCore</Filter>
    </ClCompile>
    <ClCompile Include="InputManager.cpp">
      <Filter>SpearCore</Filter>
    </ClCompile>
    <ClCompile Include="ShaderCompiler.cpp">
      <Filter>SpearGraphics</Filter>
    </ClCompile>
    <ClCompile Include="Renderer.cpp">
      <Filter>SpearGraphics</Filter>
    </ClCompile>
    <ClCompile Include="..\thirdparty\glad\src\glad.c">
      <Filter>SpearGraphics</Filter>
    </ClCompile>
    <ClCompile Include="Texture.cpp">
      <Filter>SpearGraphics</Filter>
    </ClCompile>
    <ClCompile Include="ScreenRenderer.cpp">
      <Filter>SpearGraphics</Filter>
    </ClCompile>
    <ClCompile Include="TextureArray.cpp">
      <Filter>SpearGraphics</Filter>
    </ClCompile>
    <ClCompile Include="UiButton.cpp">
      <Filter>Misc</Filter>
    </ClCompile>
    <ClCompile Include="TextureFont.cpp">
      <Filter>SpearGraphics</Filter>
    </ClCompile>
  </ItemGroup>
  <ItemGroup>
    <ClInclude Include="Core.h">
      <Filter>SpearCore</Filter>
    </ClInclude>
    <ClInclude Include="ServiceLocator.h">
      <Filter>SpearCore</Filter>
    </ClInclude>
    <ClInclude Include="WindowManager.h">
      <Filter>SpearGraphics</Filter>
    </ClInclude>
    <ClInclude Include="FlowstateManager.h">
      <Filter>SpearCore</Filter>
    </ClInclude>
    <ClInclude Include="InputManager.h">
      <Filter>SpearCore</Filter>
    </ClInclude>
    <ClInclude Include="ShaderCompiler.h">
      <Filter>SpearGraphics</Filter>
    </ClInclude>
    <ClInclude Include="Renderer.h">
      <Filter>SpearGraphics</Filter>
    </ClInclude>
    <ClInclude Include="Texture.h">
      <Filter>SpearGraphics</Filter>
    </ClInclude>
    <ClInclude Include="ScreenRenderer.h">
      <Filter>SpearGraphics</Filter>
    </ClInclude>
    <ClInclude Include="MathVector.h">
      <Filter>Maths</Filter>
    </ClInclude>
    <ClInclude Include="Colour.h">
      <Filter>Maths</Filter>
    </ClInclude>
    <ClInclude Include="TextureBase.h">
      <Filter>SpearGraphics</Filter>
    </ClInclude>
    <ClInclude Include="TextureArray.h">
      <Filter>SpearGraphics</Filter>
    </ClInclude>
    <ClInclude Include="UiButton.h">
      <Filter>Misc</Filter>
    </ClInclude>
    <ClInclude Include="TextureFont.h">
      <Filter>SpearGraphics</Filter>
    </ClInclude>
  </ItemGroup>
</Project>